{
  "name": "app_service_portal",
  "lockfileVersion": 2,
  "requires": true,
  "packages": {
    "": {
      "dependencies": {
        "json-pretty-html": "^1.1.6"
      }
    },
    "node_modules/json-pretty-html": {
      "version": "1.1.6",
      "resolved": "https://registry.npmjs.org/json-pretty-html/-/json-pretty-html-1.1.6.tgz",
      "integrity": "sha512-+bhQgNJ3ebvOIGSZ9OPWTHpv9xKaKIodekiphrUKrOCovuBfimtmn2G3vv/jzNsXg12g9SHcBYoiPO362ghDNA==",
      "engines": {
        "node": ">= 8.0.0"
      }
    }
  },
  "dependencies": {
    "json-pretty-html": {
      "version": "1.1.6",
      "resolved": "https://registry.npmjs.org/json-pretty-html/-/json-pretty-html-1.1.6.tgz",
      "integrity": "sha512-+bhQgNJ3ebvOIGSZ9OPWTHpv9xKaKIodekiphrUKrOCovuBfimtmn2G3vv/jzNsXg12g9SHcBYoiPO362ghDNA=="
    }
  }
}
